
Microsoft Visual Studio Solution File, Format Version 12.00
# Visual Studio Version 17
VisualStudioVersion = 17.10.34916.146
MinimumVisualStudioVersion = 10.0.40219.1
Project("{FAE04EC0-301F-11D3-BF4B-00C04F79EFBC}") = "u24725014_Prac_08", "u24725014_Prac_08\u24725014_Prac_08.csproj", "{70EDEF55-04B7-43AA-8FC4-91545E1F77F7}"
EndProject
Global
	GlobalSection(SolutionConfigurationPlatforms) = preSolution
		Debug|Any CPU = Debug|Any CPU
		Release|Any CPU = Release|Any CPU
	EndGlobalSection
	GlobalSection(ProjectConfigurationPlatforms) = postSolution
		{70EDEF55-04B7-43AA-8FC4-91545E1F77F7}.Debug|Any CPU.ActiveCfg = Debug|Any CPU
		{70EDEF55-04B7-43AA-8FC4-91545E1F77F7}.Debug|Any CPU.Build.0 = Debug|Any CPU
		{70EDEF55-04B7-43AA-8FC4-91545E1F77F7}.Release|Any CPU.ActiveCfg = Release|Any CPU
		{70EDEF55-04B7-43AA-8FC4-91545E1F77F7}.Release|Any CPU.Build.0 = Release|Any CPU
	EndGlobalSection
	GlobalSection(SolutionProperties) = preSolution
		HideSolutionNode = FALSE
	EndGlobalSection
	GlobalSection(ExtensibilityGlobals) = postSolution
		SolutionGuid = {136017EF-6C59-445B-9EC9-1E58E9CD66EC}
	EndGlobalSection
EndGlobal
